// !$*UTF8*$!
{
	archiveVersion = 1;
	classes = {
	};
	objectVersion = 51;
	objects = {

/* Begin PBXBuildFile section */
		1857AB242443662600903603 /* AppDelegate.swift in Sources */ = {isa = PBXBuildFile; fileRef = 1857AB232443662600903603 /* AppDelegate.swift */; };
		1857AB262443662600903603 /* SceneDelegate.swift in Sources */ = {isa = PBXBuildFile; fileRef = 1857AB252443662600903603 /* SceneDelegate.swift */; };
		1857AB2B2443662600903603 /* Main.storyboard in Resources */ = {isa = PBXBuildFile; fileRef = 1857AB292443662600903603 /* Main.storyboard */; };
		1857AB2D2443662700903603 /* Assets.xcassets in Resources */ = {isa = PBXBuildFile; fileRef = 1857AB2C2443662700903603 /* Assets.xcassets */; };
		1857AB302443662700903603 /* LaunchScreen.storyboard in Resources */ = {isa = PBXBuildFile; fileRef = 1857AB2E2443662700903603 /* LaunchScreen.storyboard */; };
		1857AB3824436EE800903603 /* SearchRecipeViewController.swift in Sources */ = {isa = PBXBuildFile; fileRef = 1857AB3724436EE800903603 /* SearchRecipeViewController.swift */; };
		1857AB3D244375FF00903603 /* RecipeModel.swift in Sources */ = {isa = PBXBuildFile; fileRef = 1857AB3C244375FF00903603 /* RecipeModel.swift */; };
		1857AB3F2443761900903603 /* RecipeViewModel.swift in Sources */ = {isa = PBXBuildFile; fileRef = 1857AB3E2443761900903603 /* RecipeViewModel.swift */; };
		1857AB482443882F00903603 /* BaseApi.swift in Sources */ = {isa = PBXBuildFile; fileRef = 1857AB472443882F00903603 /* BaseApi.swift */; };
		63CEECA536B82A310BDEDB73 /* Pods_Magic_Recipe.framework in Frameworks */ = {isa = PBXBuildFile; fileRef = C8056120F327DD640446B3E1 /* Pods_Magic_Recipe.framework */; };
		FC16449F24792AB30096FD52 /* RecipeDetailViewController.swift in Sources */ = {isa = PBXBuildFile; fileRef = FC16449E24792AB30096FD52 /* RecipeDetailViewController.swift */; };
		FC1644A124792DA50096FD52 /* WebKit.framework in Frameworks */ = {isa = PBXBuildFile; fileRef = FC1644A024792DA40096FD52 /* WebKit.framework */; };
		FC6B0F522477FFA600ED6ED5 /* RecipeTableViewCell.swift in Sources */ = {isa = PBXBuildFile; fileRef = FC6B0F512477FFA600ED6ED5 /* RecipeTableViewCell.swift */; };
		FC6B0F542477FFDD00ED6ED5 /* recipe- DataSource + Delegate.swift in Sources */ = {isa = PBXBuildFile; fileRef = FC6B0F532477FFDD00ED6ED5 /* recipe- DataSource + Delegate.swift */; };
/* End PBXBuildFile section */

/* Begin PBXFileReference section */
		1857AB202443662600903603 /* Magic Recipe.app */ = {isa = PBXFileReference; explicitFileType = wrapper.application; includeInIndex = 0; path = "Magic Recipe.app"; sourceTree = BUILT_PRODUCTS_DIR; };
		1857AB232443662600903603 /* AppDelegate.swift */ = {isa = PBXFileReference; lastKnownFileType = sourcecode.swift; path = AppDelegate.swift; sourceTree = "<group>"; };
		1857AB252443662600903603 /* SceneDelegate.swift */ = {isa = PBXFileReference; lastKnownFileType = sourcecode.swift; path = SceneDelegate.swift; sourceTree = "<group>"; };
		1857AB2A2443662600903603 /* Base */ = {isa = PBXFileReference; lastKnownFileType = file.storyboard; name = Base; path = Base.lproj/Main.storyboard; sourceTree = "<group>"; };
		1857AB2C2443662700903603 /* Assets.xcassets */ = {isa = PBXFileReference; lastKnownFileType = folder.assetcatalog; path = Assets.xcassets; sourceTree = "<group>"; };
		1857AB2F2443662700903603 /* Base */ = {isa = PBXFileReference; lastKnownFileType = file.storyboard; name = Base; path = Base.lproj/LaunchScreen.storyboard; sourceTree = "<group>"; };
		1857AB312443662700903603 /* Info.plist */ = {isa = PBXFileReference; lastKnownFileType = text.plist.xml; path = Info.plist; sourceTree = "<group>"; };
		1857AB3724436EE800903603 /* SearchRecipeViewController.swift */ = {isa = PBXFileReference; lastKnownFileType = sourcecode.swift; path = SearchRecipeViewController.swift; sourceTree = "<group>"; };
		1857AB3C244375FF00903603 /* RecipeModel.swift */ = {isa = PBXFileReference; lastKnownFileType = sourcecode.swift; path = RecipeModel.swift; sourceTree = "<group>"; };
		1857AB3E2443761900903603 /* RecipeViewModel.swift */ = {isa = PBXFileReference; lastKnownFileType = sourcecode.swift; path = RecipeViewModel.swift; sourceTree = "<group>"; };
		1857AB472443882F00903603 /* BaseApi.swift */ = {isa = PBXFileReference; lastKnownFileType = sourcecode.swift; path = BaseApi.swift; sourceTree = "<group>"; };
		77C17DED36C5EBF17CE71A42 /* Pods-Magic Recipe.debug.xcconfig */ = {isa = PBXFileReference; includeInIndex = 1; lastKnownFileType = text.xcconfig; name = "Pods-Magic Recipe.debug.xcconfig"; path = "Target Support Files/Pods-Magic Recipe/Pods-Magic Recipe.debug.xcconfig"; sourceTree = "<group>"; };
		B1FCF7138A8A5BDBE07E2651 /* Pods-Magic Recipe.release.xcconfig */ = {isa = PBXFileReference; includeInIndex = 1; lastKnownFileType = text.xcconfig; name = "Pods-Magic Recipe.release.xcconfig"; path = "Target Support Files/Pods-Magic Recipe/Pods-Magic Recipe.release.xcconfig"; sourceTree = "<group>"; };
		C8056120F327DD640446B3E1 /* Pods_Magic_Recipe.framework */ = {isa = PBXFileReference; explicitFileType = wrapper.framework; includeInIndex = 0; path = Pods_Magic_Recipe.framework; sourceTree = BUILT_PRODUCTS_DIR; };
		FC16449E24792AB30096FD52 /* RecipeDetailViewController.swift */ = {isa = PBXFileReference; lastKnownFileType = sourcecode.swift; path = RecipeDetailViewController.swift; sourceTree = "<group>"; };
		FC1644A024792DA40096FD52 /* WebKit.framework */ = {isa = PBXFileReference; lastKnownFileType = wrapper.framework; name = WebKit.framework; path = System/Library/Frameworks/WebKit.framework; sourceTree = SDKROOT; };
		FC6B0F512477FFA600ED6ED5 /* RecipeTableViewCell.swift */ = {isa = PBXFileReference; lastKnownFileType = sourcecode.swift; path = RecipeTableViewCell.swift; sourceTree = "<group>"; };
		FC6B0F532477FFDD00ED6ED5 /* recipe- DataSource + Delegate.swift */ = {isa = PBXFileReference; lastKnownFileType = sourcecode.swift; path = "recipe- DataSource + Delegate.swift"; sourceTree = "<group>"; };
/* End PBXFileReference section */

/* Begin PBXFrameworksBuildPhase section */
		1857AB1D2443662600903603 /* Frameworks */ = {
			isa = PBXFrameworksBuildPhase;
			buildActionMask = 2147483647;
			files = (
				FC1644A124792DA50096FD52 /* WebKit.framework in Frameworks */,
				63CEECA536B82A310BDEDB73 /* Pods_Magic_Recipe.framework in Frameworks */,
			);
			runOnlyForDeploymentPostprocessing = 0;
		};
/* End PBXFrameworksBuildPhase section */

/* Begin PBXGroup section */
		066F2F924F46455CA4C5E109 /* Pods */ = {
			isa = PBXGroup;
			children = (
				77C17DED36C5EBF17CE71A42 /* Pods-Magic Recipe.debug.xcconfig */,
				B1FCF7138A8A5BDBE07E2651 /* Pods-Magic Recipe.release.xcconfig */,
			);
			path = Pods;
			sourceTree = "<group>";
		};
		1857AB172443662600903603 = {
			isa = PBXGroup;
			children = (
				1857AB222443662600903603 /* Magic Recipe */,
				1857AB212443662600903603 /* Products */,
				066F2F924F46455CA4C5E109 /* Pods */,
				4F0887EFA532A8A884DFFD09 /* Frameworks */,
			);
			sourceTree = "<group>";
		};
		1857AB212443662600903603 /* Products */ = {
			isa = PBXGroup;
			children = (
				1857AB202443662600903603 /* Magic Recipe.app */,
			);
			name = Products;
			sourceTree = "<group>";
		};
		1857AB222443662600903603 /* Magic Recipe */ = {
			isa = PBXGroup;
			children = (
				1857AB3A2443756400903603 /* Model */,
				FC6B0F502477FA4B00ED6ED5 /* View */,
				1857AB392443753400903603 /* ViewModel */,
				1857AB3B2443759F00903603 /* Controller */,
				1857AB4024437E4400903603 /* Helper */,
				1857AB232443662600903603 /* AppDelegate.swift */,
				1857AB252443662600903603 /* SceneDelegate.swift */,
				1857AB2C2443662700903603 /* Assets.xcassets */,
				1857AB312443662700903603 /* Info.plist */,
			);
			path = "Magic Recipe";
			sourceTree = "<group>";
		};
		1857AB392443753400903603 /* ViewModel */ = {
			isa = PBXGroup;
			children = (
				1857AB3E2443761900903603 /* RecipeViewModel.swift */,
			);
			path = ViewModel;
			sourceTree = "<group>";
		};
		1857AB3A2443756400903603 /* Model */ = {
			isa = PBXGroup;
			children = (
				1857AB3C244375FF00903603 /* RecipeModel.swift */,
			);
			path = Model;
			sourceTree = "<group>";
		};
		1857AB3B2443759F00903603 /* Controller */ = {
			isa = PBXGroup;
			children = (
				FC16449D24792A800096FD52 /* recipe Detail */,
				FC16449C24792A620096FD52 /* SearchRecipe */,
			);
			path = Controller;
			sourceTree = "<group>";
		};
		1857AB4024437E4400903603 /* Helper */ = {
			isa = PBXGroup;
			children = (
				1857AB472443882F00903603 /* BaseApi.swift */,
			);
			path = Helper;
			sourceTree = "<group>";
		};
		4F0887EFA532A8A884DFFD09 /* Frameworks */ = {
			isa = PBXGroup;
			children = (
				FC1644A024792DA40096FD52 /* WebKit.framework */,
				C8056120F327DD640446B3E1 /* Pods_Magic_Recipe.framework */,
			);
			name = Frameworks;
			sourceTree = "<group>";
		};
		FC16449C24792A620096FD52 /* SearchRecipe */ = {
			isa = PBXGroup;
			children = (
				1857AB3724436EE800903603 /* SearchRecipeViewController.swift */,
				FC6B0F512477FFA600ED6ED5 /* RecipeTableViewCell.swift */,
				FC6B0F532477FFDD00ED6ED5 /* recipe- DataSource + Delegate.swift */,
			);
			path = SearchRecipe;
			sourceTree = "<group>";
		};
		FC16449D24792A800096FD52 /* recipe Detail */ = {
			isa = PBXGroup;
			children = (
				FC16449E24792AB30096FD52 /* RecipeDetailViewController.swift */,
			);
			path = "recipe Detail";
			sourceTree = "<group>";
		};
		FC6B0F502477FA4B00ED6ED5 /* View */ = {
			isa = PBXGroup;
			children = (
				1857AB2E2443662700903603 /* LaunchScreen.storyboard */,
				1857AB292443662600903603 /* Main.storyboard */,
			);
			path = View;
			sourceTree = "<group>";
		};
/* End PBXGroup section */

/* Begin PBXNativeTarget section */
		1857AB1F2443662600903603 /* Magic Recipe */ = {
			isa = PBXNativeTarget;
			buildConfigurationList = 1857AB342443662700903603 /* Build configuration list for PBXNativeTarget "Magic Recipe" */;
			buildPhases = (
				5F623DD095866CEE9BE3B510 /* [CP] Check Pods Manifest.lock */,
				1857AB1C2443662600903603 /* Sources */,
				1857AB1D2443662600903603 /* Frameworks */,
				1857AB1E2443662600903603 /* Resources */,
				AC01304C2853089EDF4D30E9 /* [CP] Embed Pods Frameworks */,
			);
			buildRules = (
			);
			dependencies = (
			);
			name = "Magic Recipe";
			productName = "Magic Recipe";
			productReference = 1857AB202443662600903603 /* Magic Recipe.app */;
			productType = "com.apple.product-type.application";
		};
/* End PBXNativeTarget section */

/* Begin PBXProject section */
		1857AB182443662600903603 /* Project object */ = {
			isa = PBXProject;
			attributes = {
				LastSwiftUpdateCheck = 1130;
				LastUpgradeCheck = 1130;
				ORGANIZATIONNAME = "Alok Ranjan";
				TargetAttributes = {
					1857AB1F2443662600903603 = {
						CreatedOnToolsVersion = 11.3;
					};
				};
			};
			buildConfigurationList = 1857AB1B2443662600903603 /* Build configuration list for PBXProject "Magic Recipe" */;
			compatibilityVersion = "Xcode 9.3";
			developmentRegion = en;
			hasScannedForEncodings = 0;
			knownRegions = (
				en,
				Base,
			);
			mainGroup = 1857AB172443662600903603;
			productRefGroup = 1857AB212443662600903603 /* Products */;
			projectDirPath = "";
			projectRoot = "";
			targets = (
				1857AB1F2443662600903603 /* Magic Recipe */,
			);
		};
/* End PBXProject section */

/* Begin PBXResourcesBuildPhase section */
		1857AB1E2443662600903603 /* Resources */ = {
			isa = PBXResourcesBuildPhase;
			buildActionMask = 2147483647;
			files = (
				1857AB302443662700903603 /* LaunchScreen.storyboard in Resources */,
				1857AB2D2443662700903603 /* Assets.xcassets in Resources */,
				1857AB2B2443662600903603 /* Main.storyboard in Resources */,
			);
			runOnlyForDeploymentPostprocessing = 0;
		};
/* End PBXResourcesBuildPhase section */

/* Begin PBXShellScriptBuildPhase section */
		5F623DD095866CEE9BE3B510 /* [CP] Check Pods Manifest.lock */ = {
			isa = PBXShellScriptBuildPhase;
			buildActionMask = 2147483647;
			files = (
			);
			inputFileListPaths = (
			);
			inputPaths = (
				"${PODS_PODFILE_DIR_PATH}/Podfile.lock",
				"${PODS_ROOT}/Manifest.lock",
			);
			name = "[CP] Check Pods Manifest.lock";
			outputFileListPaths = (
			);
			outputPaths = (
				"$(DERIVED_FILE_DIR)/Pods-Magic Recipe-checkManifestLockResult.txt",
			);
			runOnlyForDeploymentPostprocessing = 0;
			shellPath = /bin/sh;
			shellScript = "diff \"${PODS_PODFILE_DIR_PATH}/Podfile.lock\" \"${PODS_ROOT}/Manifest.lock\" > /dev/null\nif [ $? != 0 ] ; then\n    # print error to STDERR\n    echo \"error: The sandbox is not in sync with the Podfile.lock. Run 'pod install' or update your CocoaPods installation.\" >&2\n    exit 1\nfi\n# This output is used by Xcode 'outputs' to avoid re-running this script phase.\necho \"SUCCESS\" > \"${SCRIPT_OUTPUT_FILE_0}\"\n";
			showEnvVarsInLog = 0;
		};
		AC01304C2853089EDF4D30E9 /* [CP] Embed Pods Frameworks */ = {
			isa = PBXShellScriptBuildPhase;
			buildActionMask = 2147483647;
			files = (
			);
			inputFileListPaths = (
				"${PODS_ROOT}/Target Support Files/Pods-Magic Recipe/Pods-Magic Recipe-frameworks-${CONFIGURATION}-input-files.xcfilelist",
			);
			name = "[CP] Embed Pods Frameworks";
			outputFileListPaths = (
				"${PODS_ROOT}/Target Support Files/Pods-Magic Recipe/Pods-Magic Recipe-frameworks-${CONFIGURATION}-output-files.xcfilelist",
			);
			runOnlyForDeploymentPostprocessing = 0;
			shellPath = /bin/sh;
			shellScript = "\"${PODS_ROOT}/Target Support Files/Pods-Magic Recipe/Pods-Magic Recipe-frameworks.sh\"\n";
			showEnvVarsInLog = 0;
		};
/* End PBXShellScriptBuildPhase section */

/* Begin PBXSourcesBuildPhase section */
		1857AB1C2443662600903603 /* Sources */ = {
			isa = PBXSourcesBuildPhase;
			buildActionMask = 2147483647;
			files = (
				1857AB3824436EE800903603 /* SearchRecipeViewController.swift in Sources */,
				FC16449F24792AB30096FD52 /* RecipeDetailViewController.swift in Sources */,
				1857AB3D244375FF00903603 /* RecipeModel.swift in Sources */,
				1857AB242443662600903603 /* AppDelegate.swift in Sources */,
				FC6B0F522477FFA600ED6ED5 /* RecipeTableViewCell.swift in Sources */,
				FC6B0F542477FFDD00ED6ED5 /* recipe- DataSource + Delegate.swift in Sources */,
				1857AB3F2443761900903603 /* RecipeViewModel.swift in Sources */,
				1857AB262443662600903603 /* SceneDelegate.swift in Sources */,
				1857AB482443882F00903603 /* BaseApi.swift in Sources */,
			);
			runOnlyForDeploymentPostprocessing = 0;
		};
/* End PBXSourcesBuildPhase section */

/* Begin PBXVariantGroup section */
		1857AB292443662600903603 /* Main.storyboard */ = {
			isa = PBXVariantGroup;
			children = (
				1857AB2A2443662600903603 /* Base */,
			);
			name = Main.storyboard;
			sourceTree = "<group>";
		};
		1857AB2E2443662700903603 /* LaunchScreen.storyboard */ = {
			isa = PBXVariantGroup;
			children = (
				1857AB2F2443662700903603 /* Base */,
			);
			name = LaunchScreen.storyboard;
			sourceTree = "<group>";
		};
/* End PBXVariantGroup section */

/* Begin XCBuildConfiguration section */
		1857AB322443662700903603 /* Debug */ = {
			isa = XCBuildConfiguration;
			buildSettings = {
				ALWAYS_SEARCH_USER_PATHS = NO;
				CLANG_ANALYZER_NONNULL = YES;
				CLANG_ANALYZER_NUMBER_OBJECT_CONVERSION = YES_AGGRESSIVE;
				CLANG_CXX_LANGUAGE_STANDARD = "gnu++14";
				CLANG_CXX_LIBRARY = "libc++";
				CLANG_ENABLE_MODULES = YES;
				CLANG_ENABLE_OBJC_ARC = YES;
				CLANG_ENABLE_OBJC_WEAK = YES;
				CLANG_WARN_BLOCK_CAPTURE_AUTORELEASING = YES;
				CLANG_WARN_BOOL_CONVERSION = YES;
				CLANG_WARN_COMMA = YES;
				CLANG_WARN_CONSTANT_CONVERSION = YES;
				CLANG_WARN_DEPRECATED_OBJC_IMPLEMENTATIONS = YES;
				CLANG_WARN_DIRECT_OBJC_ISA_USAGE = YES_ERROR;
				CLANG_WARN_DOCUMENTATION_COMMENTS = YES;
				CLANG_WARN_EMPTY_BODY = YES;
				CLANG_WARN_ENUM_CONVERSION = YES;
				CLANG_WARN_INFINITE_RECURSION = YES;
				CLANG_WARN_INT_CONVERSION = YES;
				CLANG_WARN_NON_LITERAL_NULL_CONVERSION = YES;
				CLANG_WARN_OBJC_IMPLICIT_RETAIN_SELF = YES;
				CLANG_WARN_OBJC_LITERAL_CONVERSION = YES;
				CLANG_WARN_OBJC_ROOT_CLASS = YES_ERROR;
				CLANG_WARN_RANGE_LOOP_ANALYSIS = YES;
				CLANG_WARN_STRICT_PROTOTYPES = YES;
				CLANG_WARN_SUSPICIOUS_MOVE = YES;
				CLANG_WARN_UNGUARDED_AVAILABILITY = YES_AGGRESSIVE;
				CLANG_WARN_UNREACHABLE_CODE = YES;
				CLANG_WARN__DUPLICATE_METHOD_MATCH = YES;
				COPY_PHASE_STRIP = NO;
				DEBUG_INFORMATION_FORMAT = dwarf;
				ENABLE_STRICT_OBJC_MSGSEND = YES;
				ENABLE_TESTABILITY = YES;
				GCC_C_LANGUAGE_STANDARD = gnu11;
				GCC_DYNAMIC_NO_PIC = NO;
				GCC_NO_COMMON_BLOCKS = YES;
				GCC_OPTIMIZATION_LEVEL = 0;
				GCC_PREPROCESSOR_DEFINITIONS = (
					"DEBUG=1",
					"$(inherited)",
				);
				GCC_WARN_64_TO_32_BIT_CONVERSION = YES;
				GCC_WARN_ABOUT_RETURN_TYPE = YES_ERROR;
				GCC_WARN_UNDECLARED_SELECTOR = YES;
				GCC_WARN_UNINITIALIZED_AUTOS = YES_AGGRESSIVE;
				GCC_WARN_UNUSED_FUNCTION = YES;
				GCC_WARN_UNUSED_VARIABLE = YES;
				IPHONEOS_DEPLOYMENT_TARGET = 13.4;
				MTL_ENABLE_DEBUG_INFO = INCLUDE_SOURCE;
				MTL_FAST_MATH = YES;
				ONLY_ACTIVE_ARCH = YES;
				SDKROOT = iphoneos;
				SWIFT_ACTIVE_COMPILATION_CONDITIONS = DEBUG;
				SWIFT_OPTIMIZATION_LEVEL = "-Onone";
			};
			name = Debug;
		};
		1857AB332443662700903603 /* Release */ = {
			isa = XCBuildConfiguration;
			buildSettings = {
				ALWAYS_SEARCH_USER_PATHS = NO;
				CLANG_ANALYZER_NONNULL = YES;
				CLANG_ANALYZER_NUMBER_OBJECT_CONVERSION = YES_AGGRESSIVE;
				CLANG_CXX_LANGUAGE_STANDARD = "gnu++14";
				CLANG_CXX_LIBRARY = "libc++";
				CLANG_ENABLE_MODULES = YES;
				CLANG_ENABLE_OBJC_ARC = YES;
				CLANG_ENABLE_OBJC_WEAK = YES;
				CLANG_WARN_BLOCK_CAPTURE_AUTORELEASING = YES;
				CLANG_WARN_BOOL_CONVERSION = YES;
				CLANG_WARN_COMMA = YES;
				CLANG_WARN_CONSTANT_CONVERSION = YES;
				CLANG_WARN_DEPRECATED_OBJC_IMPLEMENTATIONS = YES;
				CLANG_WARN_DIRECT_OBJC_ISA_USAGE = YES_ERROR;
				CLANG_WARN_DOCUMENTATION_COMMENTS = YES;
				CLANG_WARN_EMPTY_BODY = YES;
				CLANG_WARN_ENUM_CONVERSION = YES;
				CLANG_WARN_INFINITE_RECURSION = YES;
				CLANG_WARN_INT_CONVERSION = YES;
				CLANG_WARN_NON_LITERAL_NULL_CONVERSION = YES;
				CLANG_WARN_OBJC_IMPLICIT_RETAIN_SELF = YES;
				CLANG_WARN_OBJC_LITERAL_CONVERSION = YES;
				CLANG_WARN_OBJC_ROOT_CLASS = YES_ERROR;
				CLANG_WARN_RANGE_LOOP_ANALYSIS = YES;
				CLANG_WARN_STRICT_PROTOTYPES = YES;
				CLANG_WARN_SUSPICIOUS_MOVE = YES;
				CLANG_WARN_UNGUARDED_AVAILABILITY = YES_AGGRESSIVE;
				CLANG_WARN_UNREACHABLE_CODE = YES;
				CLANG_WARN__DUPLICATE_METHOD_MATCH = YES;
				COPY_PHASE_STRIP = NO;
				DEBUG_INFORMATION_FORMAT = "dwarf-with-dsym";
				ENABLE_NS_ASSERTIONS = NO;
				ENABLE_STRICT_OBJC_MSGSEND = YES;
				GCC_C_LANGUAGE_STANDARD = gnu11;
				GCC_NO_COMMON_BLOCKS = YES;
				GCC_WARN_64_TO_32_BIT_CONVERSION = YES;
				GCC_WARN_ABOUT_RETURN_TYPE = YES_ERROR;
				GCC_WARN_UNDECLARED_SELECTOR = YES;
				GCC_WARN_UNINITIALIZED_AUTOS = YES_AGGRESSIVE;
				GCC_WARN_UNUSED_FUNCTION = YES;
				GCC_WARN_UNUSED_VARIABLE = YES;
				IPHONEOS_DEPLOYMENT_TARGET = 13.4;
				MTL_ENABLE_DEBUG_INFO = NO;
				MTL_FAST_MATH = YES;
				SDKROOT = iphoneos;
				SWIFT_COMPILATION_MODE = wholemodule;
				SWIFT_OPTIMIZATION_LEVEL = "-O";
				VALIDATE_PRODUCT = YES;
			};
			name = Release;
		};
		1857AB352443662700903603 /* Debug */ = {
			isa = XCBuildConfiguration;
			baseConfigurationReference = 77C17DED36C5EBF17CE71A42 /* Pods-Magic Recipe.debug.xcconfig */;
			buildSettings = {
				ASSETCATALOG_COMPILER_APPICON_NAME = AppIcon;
				CODE_SIGN_STYLE = Automatic;
				INFOPLIST_FILE = "Magic Recipe/Info.plist";
				LD_RUNPATH_SEARCH_PATHS = (
					"$(inherited)",
					"@executable_path/Frameworks",
				);
				PRODUCT_BUNDLE_IDENTIFIER = "com.alok.ranjan.Magic-Recipe";
				PRODUCT_NAME = "$(TARGET_NAME)";
				SWIFT_VERSION = 5.0;
				TARGETED_DEVICE_FAMILY = "1,2";
			};
			name = Debug;
		};
		1857AB362443662700903603 /* Release */ = {
			isa = XCBuildConfiguration;
			baseConfigurationReference = B1FCF7138A8A5BDBE07E2651 /* Pods-Magic Recipe.release.xcconfig */;
			buildSettings = {
				ASSETCATALOG_COMPILER_APPICON_NAME = AppIcon;
				CODE_SIGN_STYLE = Automatic;
				INFOPLIST_FILE = "Magic Recipe/Info.plist";
				LD_RUNPATH_SEARCH_PATHS = (
					"$(inherited)",
					"@executable_path/Frameworks",
				);
				PRODUCT_BUNDLE_IDENTIFIER = "com.alok.ranjan.Magic-Recipe";
				PRODUCT_NAME = "$(TARGET_NAME)";
				SWIFT_VERSION = 5.0;
				TARGETED_DEVICE_FAMILY = "1,2";
			};
			name = Release;
		};
/* End XCBuildConfiguration section */

/* Begin XCConfigurationList section */
		1857AB1B2443662600903603 /* Build configuration list for PBXProject "Magic Recipe" */ = {
			isa = XCConfigurationList;
			buildConfigurations = (
				1857AB322443662700903603 /* Debug */,
				1857AB332443662700903603 /* Release */,
			);
			defaultConfigurationIsVisible = 0;
			defaultConfigurationName = Release;
		};
		1857AB342443662700903603 /* Build configuration list for PBXNativeTarget "Magic Recipe" */ = {
			isa = XCConfigurationList;
			buildConfigurations = (
				1857AB352443662700903603 /* Debug */,
				1857AB362443662700903603 /* Release */,
			);
			defaultConfigurationIsVisible = 0;
			defaultConfigurationName = Release;
		};
/* End XCConfigurationList section */
	};
	rootObject = 1857AB182443662600903603 /* Project object */;
}
